
Microsoft Visual Studio Solution File, Format Version 12.00
# Visual Studio Version 17
VisualStudioVersion = 17.0.31903.59
MinimumVisualStudioVersion = 10.0.40219.1
Project("{2150E333-8FDC-42A3-9474-1A3956D46DE8}") = "src", "src", "{827E0CD3-B72D-47B6-A68D-7590B98EB39B}"
EndProject
Project("{FAE04EC0-301F-11D3-BF4B-00C04F79EFBC}") = "Launcher.App", "src\Launcher.App\Launcher.App.csproj", "{F5EA01CD-DB52-4925-9760-7220797F90F5}"
EndProject
Project("{FAE04EC0-301F-11D3-BF4B-00C04F79EFBC}") = "Launcher.Agent", "src\Launcher.Agent\Launcher.Agent.csproj", "{8C4C80E1-6507-403C-984D-89B10ACE2647}"
EndProject
Project("{FAE04EC0-301F-11D3-BF4B-00C04F79EFBC}") = "Launcher.Core", "src\Launcher.Core\Launcher.Core.csproj", "{D8C37846-7BEA-4C39-A566-66CFFFC193C9}"
EndProject
Project("{FAE04EC0-301F-11D3-BF4B-00C04F79EFBC}") = "Launcher.Runtime", "src\Launcher.Runtime\Launcher.Runtime.csproj", "{2A913B37-F1D6-49B6-8C43-1E63AC9B6644}"
EndProject
Project("{FAE04EC0-301F-11D3-BF4B-00C04F79EFBC}") = "Launcher.Models", "src\Launcher.Models\Launcher.Models.csproj", "{37478B3A-1DC8-46B1-826B-848787E0374D}"
EndProject
Project("{FAE04EC0-301F-11D3-BF4B-00C04F79EFBC}") = "Launcher.Scripts", "src\Launcher.Scripts\Launcher.Scripts.csproj", "{F4A13DCE-DE57-41BF-9528-34CFEAF0FF99}"
EndProject
Project("{FAE04EC0-301F-11D3-BF4B-00C04F79EFBC}") = "Launcher.ChatGPT", "src\Launcher.ChatGPT\Launcher.ChatGPT.csproj", "{63D0ACFB-14E2-41C9-B1F4-2D5FE952B508}"
EndProject
Project("{2150E333-8FDC-42A3-9474-1A3956D46DE8}") = "tests", "tests", "{0AB3BF05-4346-4AA6-1389-037BE0695223}"
EndProject
Project("{FAE04EC0-301F-11D3-BF4B-00C04F79EFBC}") = "Launcher.Tests", "tests\Launcher.Tests\Launcher.Tests.csproj", "{11D7759A-6F0C-4123-B862-0C3E137B3D94}"
EndProject
Project("{FAE04EC0-301F-11D3-BF4B-00C04F79EFBC}") = "Launcher.Orchestration", "src\Launcher.Orchestration\Launcher.Orchestration.csproj", "{F604BE1C-9D70-45EC-BDA2-07BE191F97E1}"
EndProject
Global
	GlobalSection(SolutionConfigurationPlatforms) = preSolution
		Debug|Any CPU = Debug|Any CPU
		Debug|x64 = Debug|x64
		Debug|x86 = Debug|x86
		Release|Any CPU = Release|Any CPU
		Release|x64 = Release|x64
		Release|x86 = Release|x86
	EndGlobalSection
	GlobalSection(ProjectConfigurationPlatforms) = postSolution
		{F5EA01CD-DB52-4925-9760-7220797F90F5}.Debug|Any CPU.ActiveCfg = Debug|Any CPU
		{F5EA01CD-DB52-4925-9760-7220797F90F5}.Debug|Any CPU.Build.0 = Debug|Any CPU
		{F5EA01CD-DB52-4925-9760-7220797F90F5}.Debug|x64.ActiveCfg = Debug|Any CPU
		{F5EA01CD-DB52-4925-9760-7220797F90F5}.Debug|x64.Build.0 = Debug|Any CPU
		{F5EA01CD-DB52-4925-9760-7220797F90F5}.Debug|x86.ActiveCfg = Debug|Any CPU
		{F5EA01CD-DB52-4925-9760-7220797F90F5}.Debug|x86.Build.0 = Debug|Any CPU
		{F5EA01CD-DB52-4925-9760-7220797F90F5}.Release|Any CPU.ActiveCfg = Release|Any CPU
		{F5EA01CD-DB52-4925-9760-7220797F90F5}.Release|Any CPU.Build.0 = Release|Any CPU
		{F5EA01CD-DB52-4925-9760-7220797F90F5}.Release|x64.ActiveCfg = Release|Any CPU
		{F5EA01CD-DB52-4925-9760-7220797F90F5}.Release|x64.Build.0 = Release|Any CPU
		{F5EA01CD-DB52-4925-9760-7220797F90F5}.Release|x86.ActiveCfg = Release|Any CPU
		{F5EA01CD-DB52-4925-9760-7220797F90F5}.Release|x86.Build.0 = Release|Any CPU
		{8C4C80E1-6507-403C-984D-89B10ACE2647}.Debug|Any CPU.ActiveCfg = Debug|Any CPU
		{8C4C80E1-6507-403C-984D-89B10ACE2647}.Debug|Any CPU.Build.0 = Debug|Any CPU
		{8C4C80E1-6507-403C-984D-89B10ACE2647}.Debug|x64.ActiveCfg = Debug|Any CPU
		{8C4C80E1-6507-403C-984D-89B10ACE2647}.Debug|x64.Build.0 = Debug|Any CPU
		{8C4C80E1-6507-403C-984D-89B10ACE2647}.Debug|x86.ActiveCfg = Debug|Any CPU
		{8C4C80E1-6507-403C-984D-89B10ACE2647}.Debug|x86.Build.0 = Debug|Any CPU
		{8C4C80E1-6507-403C-984D-89B10ACE2647}.Release|Any CPU.ActiveCfg = Release|Any CPU
		{8C4C80E1-6507-403C-984D-89B10ACE2647}.Release|Any CPU.Build.0 = Release|Any CPU
		{8C4C80E1-6507-403C-984D-89B10ACE2647}.Release|x64.ActiveCfg = Release|Any CPU
		{8C4C80E1-6507-403C-984D-89B10ACE2647}.Release|x64.Build.0 = Release|Any CPU
		{8C4C80E1-6507-403C-984D-89B10ACE2647}.Release|x86.ActiveCfg = Release|Any CPU
		{8C4C80E1-6507-403C-984D-89B10ACE2647}.Release|x86.Build.0 = Release|Any CPU
		{D8C37846-7BEA-4C39-A566-66CFFFC193C9}.Debug|Any CPU.ActiveCfg = Debug|Any CPU
		{D8C37846-7BEA-4C39-A566-66CFFFC193C9}.Debug|Any CPU.Build.0 = Debug|Any CPU
		{D8C37846-7BEA-4C39-A566-66CFFFC193C9}.Debug|x64.ActiveCfg = Debug|Any CPU
		{D8C37846-7BEA-4C39-A566-66CFFFC193C9}.Debug|x64.Build.0 = Debug|Any CPU
		{D8C37846-7BEA-4C39-A566-66CFFFC193C9}.Debug|x86.ActiveCfg = Debug|Any CPU
		{D8C37846-7BEA-4C39-A566-66CFFFC193C9}.Debug|x86.Build.0 = Debug|Any CPU
		{D8C37846-7BEA-4C39-A566-66CFFFC193C9}.Release|Any CPU.ActiveCfg = Release|Any CPU
		{D8C37846-7BEA-4C39-A566-66CFFFC193C9}.Release|Any CPU.Build.0 = Release|Any CPU
		{D8C37846-7BEA-4C39-A566-66CFFFC193C9}.Release|x64.ActiveCfg = Release|Any CPU
		{D8C37846-7BEA-4C39-A566-66CFFFC193C9}.Release|x64.Build.0 = Release|Any CPU
		{D8C37846-7BEA-4C39-A566-66CFFFC193C9}.Release|x86.ActiveCfg = Release|Any CPU
		{D8C37846-7BEA-4C39-A566-66CFFFC193C9}.Release|x86.Build.0 = Release|Any CPU
		{2A913B37-F1D6-49B6-8C43-1E63AC9B6644}.Debug|Any CPU.ActiveCfg = Debug|Any CPU
		{2A913B37-F1D6-49B6-8C43-1E63AC9B6644}.Debug|Any CPU.Build.0 = Debug|Any CPU
		{2A913B37-F1D6-49B6-8C43-1E63AC9B6644}.Debug|x64.ActiveCfg = Debug|Any CPU
		{2A913B37-F1D6-49B6-8C43-1E63AC9B6644}.Debug|x64.Build.0 = Debug|Any CPU
		{2A913B37-F1D6-49B6-8C43-1E63AC9B6644}.Debug|x86.ActiveCfg = Debug|Any CPU
		{2A913B37-F1D6-49B6-8C43-1E63AC9B6644}.Debug|x86.Build.0 = Debug|Any CPU
		{2A913B37-F1D6-49B6-8C43-1E63AC9B6644}.Release|Any CPU.ActiveCfg = Release|Any CPU
		{2A913B37-F1D6-49B6-8C43-1E63AC9B6644}.Release|Any CPU.Build.0 = Release|Any CPU
		{2A913B37-F1D6-49B6-8C43-1E63AC9B6644}.Release|x64.ActiveCfg = Release|Any CPU
		{2A913B37-F1D6-49B6-8C43-1E63AC9B6644}.Release|x64.Build.0 = Release|Any CPU
		{2A913B37-F1D6-49B6-8C43-1E63AC9B6644}.Release|x86.ActiveCfg = Release|Any CPU
		{2A913B37-F1D6-49B6-8C43-1E63AC9B6644}.Release|x86.Build.0 = Release|Any CPU
		{37478B3A-1DC8-46B1-826B-848787E0374D}.Debug|Any CPU.ActiveCfg = Debug|Any CPU
		{37478B3A-1DC8-46B1-826B-848787E0374D}.Debug|Any CPU.Build.0 = Debug|Any CPU
		{37478B3A-1DC8-46B1-826B-848787E0374D}.Debug|x64.ActiveCfg = Debug|Any CPU
		{37478B3A-1DC8-46B1-826B-848787E0374D}.Debug|x64.Build.0 = Debug|Any CPU
		{37478B3A-1DC8-46B1-826B-848787E0374D}.Debug|x86.ActiveCfg = Debug|Any CPU
		{37478B3A-1DC8-46B1-826B-848787E0374D}.Debug|x86.Build.0 = Debug|Any CPU
		{37478B3A-1DC8-46B1-826B-848787E0374D}.Release|Any CPU.ActiveCfg = Release|Any CPU
		{37478B3A-1DC8-46B1-826B-848787E0374D}.Release|Any CPU.Build.0 = Release|Any CPU
		{37478B3A-1DC8-46B1-826B-848787E0374D}.Release|x64.ActiveCfg = Release|Any CPU
		{37478B3A-1DC8-46B1-826B-848787E0374D}.Release|x64.Build.0 = Release|Any CPU
		{37478B3A-1DC8-46B1-826B-848787E0374D}.Release|x86.ActiveCfg = Release|Any CPU
		{37478B3A-1DC8-46B1-826B-848787E0374D}.Release|x86.Build.0 = Release|Any CPU
		{F4A13DCE-DE57-41BF-9528-34CFEAF0FF99}.Debug|Any CPU.ActiveCfg = Debug|Any CPU
		{F4A13DCE-DE57-41BF-9528-34CFEAF0FF99}.Debug|Any CPU.Build.0 = Debug|Any CPU
		{F4A13DCE-DE57-41BF-9528-34CFEAF0FF99}.Debug|x64.ActiveCfg = Debug|Any CPU
		{F4A13DCE-DE57-41BF-9528-34CFEAF0FF99}.Debug|x64.Build.0 = Debug|Any CPU
		{F4A13DCE-DE57-41BF-9528-34CFEAF0FF99}.Debug|x86.ActiveCfg = Debug|Any CPU
		{F4A13DCE-DE57-41BF-9528-34CFEAF0FF99}.Debug|x86.Build.0 = Debug|Any CPU
		{F4A13DCE-DE57-41BF-9528-34CFEAF0FF99}.Release|Any CPU.ActiveCfg = Release|Any CPU
		{F4A13DCE-DE57-41BF-9528-34CFEAF0FF99}.Release|Any CPU.Build.0 = Release|Any CPU
		{F4A13DCE-DE57-41BF-9528-34CFEAF0FF99}.Release|x64.ActiveCfg = Release|Any CPU
		{F4A13DCE-DE57-41BF-9528-34CFEAF0FF99}.Release|x64.Build.0 = Release|Any CPU
		{F4A13DCE-DE57-41BF-9528-34CFEAF0FF99}.Release|x86.ActiveCfg = Release|Any CPU
		{F4A13DCE-DE57-41BF-9528-34CFEAF0FF99}.Release|x86.Build.0 = Release|Any CPU
		{63D0ACFB-14E2-41C9-B1F4-2D5FE952B508}.Debug|Any CPU.ActiveCfg = Debug|Any CPU
		{63D0ACFB-14E2-41C9-B1F4-2D5FE952B508}.Debug|Any CPU.Build.0 = Debug|Any CPU
		{63D0ACFB-14E2-41C9-B1F4-2D5FE952B508}.Debug|x64.ActiveCfg = Debug|Any CPU
		{63D0ACFB-14E2-41C9-B1F4-2D5FE952B508}.Debug|x64.Build.0 = Debug|Any CPU
		{63D0ACFB-14E2-41C9-B1F4-2D5FE952B508}.Debug|x86.ActiveCfg = Debug|Any CPU
		{63D0ACFB-14E2-41C9-B1F4-2D5FE952B508}.Debug|x86.Build.0 = Debug|Any CPU
		{63D0ACFB-14E2-41C9-B1F4-2D5FE952B508}.Release|Any CPU.ActiveCfg = Release|Any CPU
		{63D0ACFB-14E2-41C9-B1F4-2D5FE952B508}.Release|Any CPU.Build.0 = Release|Any CPU
		{63D0ACFB-14E2-41C9-B1F4-2D5FE952B508}.Release|x64.ActiveCfg = Release|Any CPU
		{63D0ACFB-14E2-41C9-B1F4-2D5FE952B508}.Release|x64.Build.0 = Release|Any CPU
		{63D0ACFB-14E2-41C9-B1F4-2D5FE952B508}.Release|x86.ActiveCfg = Release|Any CPU
		{63D0ACFB-14E2-41C9-B1F4-2D5FE952B508}.Release|x86.Build.0 = Release|Any CPU
		{11D7759A-6F0C-4123-B862-0C3E137B3D94}.Debug|Any CPU.ActiveCfg = Debug|Any CPU
		{11D7759A-6F0C-4123-B862-0C3E137B3D94}.Debug|Any CPU.Build.0 = Debug|Any CPU
		{11D7759A-6F0C-4123-B862-0C3E137B3D94}.Debug|x64.ActiveCfg = Debug|Any CPU
		{11D7759A-6F0C-4123-B862-0C3E137B3D94}.Debug|x64.Build.0 = Debug|Any CPU
		{11D7759A-6F0C-4123-B862-0C3E137B3D94}.Debug|x86.ActiveCfg = Debug|Any CPU
		{11D7759A-6F0C-4123-B862-0C3E137B3D94}.Debug|x86.Build.0 = Debug|Any CPU
		{11D7759A-6F0C-4123-B862-0C3E137B3D94}.Release|Any CPU.ActiveCfg = Release|Any CPU
		{11D7759A-6F0C-4123-B862-0C3E137B3D94}.Release|Any CPU.Build.0 = Release|Any CPU
		{11D7759A-6F0C-4123-B862-0C3E137B3D94}.Release|x64.ActiveCfg = Release|Any CPU
		{11D7759A-6F0C-4123-B862-0C3E137B3D94}.Release|x64.Build.0 = Release|Any CPU
		{11D7759A-6F0C-4123-B862-0C3E137B3D94}.Release|x86.ActiveCfg = Release|Any CPU
		{11D7759A-6F0C-4123-B862-0C3E137B3D94}.Release|x86.Build.0 = Release|Any CPU
		{F604BE1C-9D70-45EC-BDA2-07BE191F97E1}.Debug|Any CPU.ActiveCfg = Debug|Any CPU
		{F604BE1C-9D70-45EC-BDA2-07BE191F97E1}.Debug|Any CPU.Build.0 = Debug|Any CPU
		{F604BE1C-9D70-45EC-BDA2-07BE191F97E1}.Debug|x64.ActiveCfg = Debug|Any CPU
		{F604BE1C-9D70-45EC-BDA2-07BE191F97E1}.Debug|x64.Build.0 = Debug|Any CPU
		{F604BE1C-9D70-45EC-BDA2-07BE191F97E1}.Debug|x86.ActiveCfg = Debug|Any CPU
		{F604BE1C-9D70-45EC-BDA2-07BE191F97E1}.Debug|x86.Build.0 = Debug|Any CPU
		{F604BE1C-9D70-45EC-BDA2-07BE191F97E1}.Release|Any CPU.ActiveCfg = Release|Any CPU
		{F604BE1C-9D70-45EC-BDA2-07BE191F97E1}.Release|Any CPU.Build.0 = Release|Any CPU
		{F604BE1C-9D70-45EC-BDA2-07BE191F97E1}.Release|x64.ActiveCfg = Release|Any CPU
		{F604BE1C-9D70-45EC-BDA2-07BE191F97E1}.Release|x64.Build.0 = Release|Any CPU
		{F604BE1C-9D70-45EC-BDA2-07BE191F97E1}.Release|x86.ActiveCfg = Release|Any CPU
		{F604BE1C-9D70-45EC-BDA2-07BE191F97E1}.Release|x86.Build.0 = Release|Any CPU
	EndGlobalSection
	GlobalSection(SolutionProperties) = preSolution
		HideSolutionNode = FALSE
	EndGlobalSection
	GlobalSection(NestedProjects) = preSolution
		{F5EA01CD-DB52-4925-9760-7220797F90F5} = {827E0CD3-B72D-47B6-A68D-7590B98EB39B}
		{8C4C80E1-6507-403C-984D-89B10ACE2647} = {827E0CD3-B72D-47B6-A68D-7590B98EB39B}
		{D8C37846-7BEA-4C39-A566-66CFFFC193C9} = {827E0CD3-B72D-47B6-A68D-7590B98EB39B}
		{2A913B37-F1D6-49B6-8C43-1E63AC9B6644} = {827E0CD3-B72D-47B6-A68D-7590B98EB39B}
		{37478B3A-1DC8-46B1-826B-848787E0374D} = {827E0CD3-B72D-47B6-A68D-7590B98EB39B}
		{F4A13DCE-DE57-41BF-9528-34CFEAF0FF99} = {827E0CD3-B72D-47B6-A68D-7590B98EB39B}
		{63D0ACFB-14E2-41C9-B1F4-2D5FE952B508} = {827E0CD3-B72D-47B6-A68D-7590B98EB39B}
		{11D7759A-6F0C-4123-B862-0C3E137B3D94} = {0AB3BF05-4346-4AA6-1389-037BE0695223}
		{F604BE1C-9D70-45EC-BDA2-07BE191F97E1} = {827E0CD3-B72D-47B6-A68D-7590B98EB39B}
	EndGlobalSection
EndGlobal
